Microsoft Visual Studio Solution File, Format Version 12.00
# Visual Studio Version 17
VisualStudioVersion = 17.5.2.0
MinimumVisualStudioVersion = 10.0.40219.1
Project("{FAE04EC0-301F-11D3-BF4B-00C04F79EFBC}") = "ManagerApi", "ManagerApi\ManagerApi.csproj", "{3D9C603D-AED8-C04C-DF76-B17E109E891A}"
EndProject
Global
	GlobalSection(SolutionConfigurationPlatforms) = preSolution
		Debug|Any CPU = Debug|Any CPU
		Release|Any CPU = Release|Any CPU
	EndGlobalSection
	GlobalSection(ProjectConfigurationPlatforms) = postSolution
		{3D9C603D-AED8-C04C-DF76-B17E109E891A}.Debug|Any CPU.ActiveCfg = Debug|Any CPU
		{3D9C603D-AED8-C04C-DF76-B17E109E891A}.Debug|Any CPU.Build.0 = Debug|Any CPU
		{3D9C603D-AED8-C04C-DF76-B17E109E891A}.Release|Any CPU.ActiveCfg = Release|Any CPU
		{3D9C603D-AED8-C04C-DF76-B17E109E891A}.Release|Any CPU.Build.0 = Release|Any CPU
	EndGlobalSection
	GlobalSection(SolutionProperties) = preSolution
		HideSolutionNode = FALSE
	EndGlobalSection
	GlobalSection(ExtensibilityGlobals) = postSolution
		SolutionGuid = {3729BE54-921A-4292-8FFF-5922BD19A92A}
	EndGlobalSection
EndGlobal
